Microsoft Visual Studio Solution File, Format Version 12.00
# Visual Studio Version 17
VisualStudioVersion = 17.8.0.0
MinimumVisualStudioVersion = 17.8.0.0
Project("{9A19103F-16F7-4668-BE54-9A1E7A4F7556}") = "Crucible.AppHost", "Crucible.AppHost\Crucible.AppHost.csproj", "{67695681-13FD-4865-BAA4-D0EB7BB392DF}"
EndProject
Project("{9A19103F-16F7-4668-BE54-9A1E7A4F7556}") = "Crucible.ServiceDefaults", "Crucible.ServiceDefaults\Crucible.ServiceDefaults.csproj", "{7CBC970E-E4CC-42A4-BD11-983A99DC6345}"
EndProject
Global
	GlobalSection(SolutionConfigurationPlatforms) = preSolution
		Debug|Any CPU = Debug|Any CPU
		Release|Any CPU = Release|Any CPU
	EndGlobalSection
	GlobalSection(ProjectConfigurationPlatforms) = postSolution
		{67695681-13FD-4865-BAA4-D0EB7BB392DF}.Debug|Any CPU.ActiveCfg = Debug|Any CPU
		{67695681-13FD-4865-BAA4-D0EB7BB392DF}.Debug|Any CPU.Build.0 = Debug|Any CPU
		{67695681-13FD-4865-BAA4-D0EB7BB392DF}.Release|Any CPU.ActiveCfg = Release|Any CPU
		{67695681-13FD-4865-BAA4-D0EB7BB392DF}.Release|Any CPU.Build.0 = Release|Any CPU
		{7CBC970E-E4CC-42A4-BD11-983A99DC6345}.Debug|Any CPU.ActiveCfg = Debug|Any CPU
		{7CBC970E-E4CC-42A4-BD11-983A99DC6345}.Debug|Any CPU.Build.0 = Debug|Any CPU
		{7CBC970E-E4CC-42A4-BD11-983A99DC6345}.Release|Any CPU.ActiveCfg = Release|Any CPU
		{7CBC970E-E4CC-42A4-BD11-983A99DC6345}.Release|Any CPU.Build.0 = Release|Any CPU
	EndGlobalSection
	GlobalSection(SolutionProperties) = preSolution
		HideSolutionNode = FALSE
	EndGlobalSection
	GlobalSection(ExtensibilityGlobals) = postSolution
		SolutionGuid = {13C65598-52FF-4650-B1C1-388C60493614}
	EndGlobalSection
EndGlobal
