<Solution>
  <Folder Name="/mnt/data/crucible/player/player.api/">
    <Project Path="/mnt/data/crucible/player/player.api/Player.Api/Player.Api.csproj" />
  </Folder>
  <Project Path="Crucible.AppHost/Crucible.AppHost.csproj" />
  <Project Path="Crucible.ServiceDefaults/Crucible.ServiceDefaults.csproj" />
</Solution>
